{
  "name": "D3-tools",
  "lockfileVersion": 3,
  "requires": true,
  "packages": {
    "": {
      "dependencies": {
        "daff": "^1.4.2"
      }
    },
    "node_modules/daff": {
      "version": "1.4.2",
      "resolved": "https://registry.npmjs.org/daff/-/daff-1.4.2.tgz",
      "integrity": "sha512-rcXTDJhIFmlxlP2dAkZwu/IiYN1yIz1dpDP2DuAmnT2XIopbBK1IiRxJ5X7LWD/e/+YmcFF1wvVseln/MZLEJA==",
      "license": "MIT",
      "bin": {
        "daff": "bin/daff.js"
      }
    }
  }
}
